// !$*UTF8*$!
{
	archiveVersion = 1;
	classes = {
	};
	objectVersion = 46;
	objects = {

/* Begin PBXBuildFile section */
		7DBBDADF1AF0BB7F0053E92A /* main.m in Sources */ = {isa = PBXBuildFile; fileRef = 7DBBDADE1AF0BB7F0053E92A /* main.m */; };
		7DBBDAE21AF0BB7F0053E92A /* AppDelegate.m in Sources */ = {isa = PBXBuildFile; fileRef = 7DBBDAE11AF0BB7F0053E92A /* AppDelegate.m */; };
		7DBBDAE51AF0BB7F0053E92A /* ViewController.m in Sources */ = {isa = PBXBuildFile; fileRef = 7DBBDAE41AF0BB7F0053E92A /* ViewController.m */; };
		7DBBDAE81AF0BB7F0053E92A /* Main.storyboard in Resources */ = {isa = PBXBuildFile; fileRef = 7DBBDAE61AF0BB7F0053E92A /* Main.storyboard */; };
		7DBBDAEA1AF0BB7F0053E92A /* Images.xcassets in Resources */ = {isa = PBXBuildFile; fileRef = 7DBBDAE91AF0BB7F0053E92A /* Images.xcassets */; };
		7DBBDAED1AF0BB7F0053E92A /* LaunchScreen.xib in Resources */ = {isa = PBXBuildFile; fileRef = 7DBBDAEB1AF0BB7F0053E92A /* LaunchScreen.xib */; };
		7DBBDAF91AF0BB7F0053E92A /* GridViewTests.m in Sources */ = {isa = PBXBuildFile; fileRef = 7DBBDAF81AF0BB7F0053E92A /* GridViewTests.m */; };
		7DBBDB041AF0BB950053E92A /* GridView.m in Sources */ = {isa = PBXBuildFile; fileRef = 7DBBDB031AF0BB950053E92A /* GridView.m */; };
/* End PBXBuildFile section */

/* Begin PBXContainerItemProxy section */
		7DBBDAF31AF0BB7F0053E92A /* PBXContainerItemProxy */ = {
			isa = PBXContainerItemProxy;
			containerPortal = 7DBBDAD11AF0BB7F0053E92A /* Project object */;
			proxyType = 1;
			remoteGlobalIDString = 7DBBDAD81AF0BB7F0053E92A;
			remoteInfo = GridView;
		};
/* End PBXContainerItemProxy section */

/* Begin PBXFileReference section */
		7DBBDAD91AF0BB7F0053E92A /* GridView.app */ = {isa = PBXFileReference; explicitFileType = wrapper.application; includeInIndex = 0; path = GridView.app; sourceTree = BUILT_PRODUCTS_DIR; };
		7DBBDADD1AF0BB7F0053E92A /* Info.plist */ = {isa = PBXFileReference; lastKnownFileType = text.plist.xml; path = Info.plist; sourceTree = "<group>"; };
		7DBBDADE1AF0BB7F0053E92A /* main.m */ = {isa = PBXFileReference; lastKnownFileType = sourcecode.c.objc; path = main.m; sourceTree = "<group>"; };
		7DBBDAE01AF0BB7F0053E92A /* AppDelegate.h */ = {isa = PBXFileReference; lastKnownFileType = sourcecode.c.h; path = AppDelegate.h; sourceTree = "<group>"; };
		7DBBDAE11AF0BB7F0053E92A /* AppDelegate.m */ = {isa = PBXFileReference; lastKnownFileType = sourcecode.c.objc; path = AppDelegate.m; sourceTree = "<group>"; };
		7DBBDAE31AF0BB7F0053E92A /* ViewController.h */ = {isa = PBXFileReference; lastKnownFileType = sourcecode.c.h; path = ViewController.h; sourceTree = "<group>"; };
		7DBBDAE41AF0BB7F0053E92A /* ViewController.m */ = {isa = PBXFileReference; lastKnownFileType = sourcecode.c.objc; path = ViewController.m; sourceTree = "<group>"; };
		7DBBDAE71AF0BB7F0053E92A /* Base */ = {isa = PBXFileReference; lastKnownFileType = file.storyboard; name = Base; path = Base.lproj/Main.storyboard; sourceTree = "<group>"; };
		7DBBDAE91AF0BB7F0053E92A /* Images.xcassets */ = {isa = PBXFileReference; lastKnownFileType = folder.assetcatalog; path = Images.xcassets; sourceTree = "<group>"; };
		7DBBDAEC1AF0BB7F0053E92A /* Base */ = {isa = PBXFileReference; lastKnownFileType = file.xib; name = Base; path = Base.lproj/LaunchScreen.xib; sourceTree = "<group>"; };
		7DBBDAF21AF0BB7F0053E92A /* GridViewTests.xctest */ = {isa = PBXFileReference; explicitFileType = wrapper.cfbundle; includeInIndex = 0; path = GridViewTests.xctest; sourceTree = BUILT_PRODUCTS_DIR; };
		7DBBDAF71AF0BB7F0053E92A /* Info.plist */ = {isa = PBXFileReference; lastKnownFileType = text.plist.xml; path = Info.plist; sourceTree = "<group>"; };
		7DBBDAF81AF0BB7F0053E92A /* GridViewTests.m */ = {isa = PBXFileReference; lastKnownFileType = sourcecode.c.objc; path = GridViewTests.m; sourceTree = "<group>"; };
		7DBBDB021AF0BB950053E92A /* GridView.h */ = {isa = PBXFileReference; fileEncoding = 4; lastKnownFileType = sourcecode.c.h; path = GridView.h; sourceTree = "<group>"; };
		7DBBDB031AF0BB950053E92A /* GridView.m */ = {isa = PBXFileReference; fileEncoding = 4; lastKnownFileType = sourcecode.c.objc; path = GridView.m; sourceTree = "<group>"; };
/* End PBXFileReference section */

/* Begin PBXFrameworksBuildPhase section */
		7DBBDAD61AF0BB7F0053E92A /* Frameworks */ = {
			isa = PBXFrameworksBuildPhase;
			buildActionMask = 2147483647;
			files = (
			);
			runOnlyForDeploymentPostprocessing = 0;
		};
		7DBBDAEF1AF0BB7F0053E92A /* Frameworks */ = {
			isa = PBXFrameworksBuildPhase;
			buildActionMask = 2147483647;
			files = (
			);
			runOnlyForDeploymentPostprocessing = 0;
		};
/* End PBXFrameworksBuildPhase section */

/* Begin PBXGroup section */
		7DBBDAD01AF0BB7F0053E92A = {
			isa = PBXGroup;
			children = (
				7DBBDADB1AF0BB7F0053E92A /* GridView */,
				7DBBDAF51AF0BB7F0053E92A /* GridViewTests */,
				7DBBDADA1AF0BB7F0053E92A /* Products */,
			);
			sourceTree = "<group>";
		};
		7DBBDADA1AF0BB7F0053E92A /* Products */ = {
			isa = PBXGroup;
			children = (
				7DBBDAD91AF0BB7F0053E92A /* GridView.app */,
				7DBBDAF21AF0BB7F0053E92A /* GridViewTests.xctest */,
			);
			name = Products;
			sourceTree = "<group>";
		};
		7DBBDADB1AF0BB7F0053E92A /* GridView */ = {
			isa = PBXGroup;
			children = (
				7DBBDAE01AF0BB7F0053E92A /* AppDelegate.h */,
				7DBBDAE11AF0BB7F0053E92A /* AppDelegate.m */,
				7DBBDAE31AF0BB7F0053E92A /* ViewController.h */,
				7DBBDAE41AF0BB7F0053E92A /* ViewController.m */,
				7DBBDB021AF0BB950053E92A /* GridView.h */,
				7DBBDB031AF0BB950053E92A /* GridView.m */,
				7DBBDAE61AF0BB7F0053E92A /* Main.storyboard */,
				7DBBDAE91AF0BB7F0053E92A /* Images.xcassets */,
				7DBBDAEB1AF0BB7F0053E92A /* LaunchScreen.xib */,
				7DBBDADC1AF0BB7F0053E92A /* Supporting Files */,
			);
			path = GridView;
			sourceTree = "<group>";
		};
		7DBBDADC1AF0BB7F0053E92A /* Supporting Files */ = {
			isa = PBXGroup;
			children = (
				7DBBDADD1AF0BB7F0053E92A /* Info.plist */,
				7DBBDADE1AF0BB7F0053E92A /* main.m */,
			);
			name = "Supporting Files";
			sourceTree = "<group>";
		};
		7DBBDAF51AF0BB7F0053E92A /* GridViewTests */ = {
			isa = PBXGroup;
			children = (
				7DBBDAF81AF0BB7F0053E92A /* GridViewTests.m */,
				7DBBDAF61AF0BB7F0053E92A /* Supporting Files */,
			);
			path = GridViewTests;
			sourceTree = "<group>";
		};
		7DBBDAF61AF0BB7F0053E92A /* Supporting Files */ = {
			isa = PBXGroup;
			children = (
				7DBBDAF71AF0BB7F0053E92A /* Info.plist */,
			);
			name = "Supporting Files";
			sourceTree = "<group>";
		};
/* End PBXGroup section */

/* Begin PBXNativeTarget section */
		7DBBDAD81AF0BB7F0053E92A /* GridView */ = {
			isa = PBXNativeTarget;
			buildConfigurationList = 7DBBDAFC1AF0BB7F0053E92A /* Build configuration list for PBXNativeTarget "GridView" */;
			buildPhases = (
				7DBBDAD51AF0BB7F0053E92A /* Sources */,
				7DBBDAD61AF0BB7F0053E92A /* Frameworks */,
				7DBBDAD71AF0BB7F0053E92A /* Resources */,
			);
			buildRules = (
			);
			dependencies = (
			);
			name = GridView;
			productName = GridView;
			productReference = 7DBBDAD91AF0BB7F0053E92A /* GridView.app */;
			productType = "com.apple.product-type.application";
		};
		7DBBDAF11AF0BB7F0053E92A /* GridViewTests */ = {
			isa = PBXNativeTarget;
			buildConfigurationList = 7DBBDAFF1AF0BB7F0053E92A /* Build configuration list for PBXNativeTarget "GridViewTests" */;
			buildPhases = (
				7DBBDAEE1AF0BB7F0053E92A /* Sources */,
				7DBBDAEF1AF0BB7F0053E92A /* Frameworks */,
				7DBBDAF01AF0BB7F0053E92A /* Resources */,
			);
			buildRules = (
			);
			dependencies = (
				7DBBDAF41AF0BB7F0053E92A /* PBXTargetDependency */,
			);
			name = GridViewTests;
			productName = GridViewTests;
			productReference = 7DBBDAF21AF0BB7F0053E92A /* GridViewTests.xctest */;
			productType = "com.apple.product-type.bundle.unit-test";
		};
/* End PBXNativeTarget section */

/* Begin PBXProject section */
		7DBBDAD11AF0BB7F0053E92A /* Project object */ = {
			isa = PBXProject;
			attributes = {
				LastUpgradeCheck = 0630;
				ORGANIZATIONNAME = yanshu;
				TargetAttributes = {
					7DBBDAD81AF0BB7F0053E92A = {
						CreatedOnToolsVersion = 6.3;
					};
					7DBBDAF11AF0BB7F0053E92A = {
						CreatedOnToolsVersion = 6.3;
						TestTargetID = 7DBBDAD81AF0BB7F0053E92A;
					};
				};
			};
			buildConfigurationList = 7DBBDAD41AF0BB7F0053E92A /* Build configuration list for PBXProject "GridView" */;
			compatibilityVersion = "Xcode 3.2";
			developmentRegion = English;
			hasScannedForEncodings = 0;
			knownRegions = (
				en,
				Base,
			);
			mainGroup = 7DBBDAD01AF0BB7F0053E92A;
			productRefGroup = 7DBBDADA1AF0BB7F0053E92A /* Products */;
			projectDirPath = "";
			projectRoot = "";
			targets = (
				7DBBDAD81AF0BB7F0053E92A /* GridView */,
				7DBBDAF11AF0BB7F0053E92A /* GridViewTests */,
			);
		};
/* End PBXProject section */

/* Begin PBXResourcesBuildPhase section */
		7DBBDAD71AF0BB7F0053E92A /* Resources */ = {
			isa = PBXResourcesBuildPhase;
			buildActionMask = 2147483647;
			files = (
				7DBBDAE81AF0BB7F0053E92A /* Main.storyboard in Resources */,
				7DBBDAED1AF0BB7F0053E92A /* LaunchScreen.xib in Resources */,
				7DBBDAEA1AF0BB7F0053E92A /* Images.xcassets in Resources */,
			);
			runOnlyForDeploymentPostprocessing = 0;
		};
		7DBBDAF01AF0BB7F0053E92A /* Resources */ = {
			isa = PBXResourcesBuildPhase;
			buildActionMask = 2147483647;
			files = (
			);
			runOnlyForDeploymentPostprocessing = 0;
		};
/* End PBXResourcesBuildPhase section */

/* Begin PBXSourcesBuildPhase section */
		7DBBDAD51AF0BB7F0053E92A /* Sources */ = {
			isa = PBXSourcesBuildPhase;
			buildActionMask = 2147483647;
			files = (
				7DBBDAE51AF0BB7F0053E92A /* ViewController.m in Sources */,
				7DBBDAE21AF0BB7F0053E92A /* AppDelegate.m in Sources */,
				7DBBDB041AF0BB950053E92A /* GridView.m in Sources */,
				7DBBDADF1AF0BB7F0053E92A /* main.m in Sources */,
			);
			runOnlyForDeploymentPostprocessing = 0;
		};
		7DBBDAEE1AF0BB7F0053E92A /* Sources */ = {
			isa = PBXSourcesBuildPhase;
			buildActionMask = 2147483647;
			files = (
				7DBBDAF91AF0BB7F0053E92A /* GridViewTests.m in Sources */,
			);
			runOnlyForDeploymentPostprocessing = 0;
		};
/* End PBXSourcesBuildPhase section */

/* Begin PBXTargetDependency section */
		7DBBDAF41AF0BB7F0053E92A /* PBXTargetDependency */ = {
			isa = PBXTargetDependency;
			target = 7DBBDAD81AF0BB7F0053E92A /* GridView */;
			targetProxy = 7DBBDAF31AF0BB7F0053E92A /* PBXContainerItemProxy */;
		};
/* End PBXTargetDependency section */

/* Begin PBXVariantGroup section */
		7DBBDAE61AF0BB7F0053E92A /* Main.storyboard */ = {
			isa = PBXVariantGroup;
			children = (
				7DBBDAE71AF0BB7F0053E92A /* Base */,
			);
			name = Main.storyboard;
			sourceTree = "<group>";
		};
		7DBBDAEB1AF0BB7F0053E92A /* LaunchScreen.xib */ = {
			isa = PBXVariantGroup;
			children = (
				7DBBDAEC1AF0BB7F0053E92A /* Base */,
			);
			name = LaunchScreen.xib;
			sourceTree = "<group>";
		};
/* End PBXVariantGroup section */

/* Begin XCBuildConfiguration section */
		7DBBDAFA1AF0BB7F0053E92A /* Debug */ = {
			isa = XCBuildConfiguration;
			buildSettings = {
				ALWAYS_SEARCH_USER_PATHS = NO;
				CLANG_CXX_LANGUAGE_STANDARD = "gnu++0x";
				CLANG_CXX_LIBRARY = "libc++";
				CLANG_ENABLE_MODULES = YES;
				CLANG_ENABLE_OBJC_ARC = YES;
				CLANG_WARN_BOOL_CONVERSION = YES;
				CLANG_WARN_CONSTANT_CONVERSION = YES;
				CLANG_WARN_DIRECT_OBJC_ISA_USAGE = YES_ERROR;
				CLANG_WARN_EMPTY_BODY = YES;
				CLANG_WARN_ENUM_CONVERSION = YES;
				CLANG_WARN_INT_CONVERSION = YES;
				CLANG_WARN_OBJC_ROOT_CLASS = YES_ERROR;
				CLANG_WARN_UNREACHABLE_CODE = YES;
				CLANG_WARN__DUPLICATE_METHOD_MATCH = YES;
				"CODE_SIGN_IDENTITY[sdk=iphoneos*]" = "iPhone Developer";
				COPY_PHASE_STRIP = NO;
				DEBUG_INFORMATION_FORMAT = "dwarf-with-dsym";
				ENABLE_STRICT_OBJC_MSGSEND = YES;
				GCC_C_LANGUAGE_STANDARD = gnu99;
				GCC_DYNAMIC_NO_PIC = NO;
				GCC_NO_COMMON_BLOCKS = YES;
				GCC_OPTIMIZATION_LEVEL = 0;
				GCC_PREPROCESSOR_DEFINITIONS = (
					"DEBUG=1",
					"$(inherited)",
				);
				GCC_SYMBOLS_PRIVATE_EXTERN = NO;
				GCC_WARN_64_TO_32_BIT_CONVERSION = YES;
				GCC_WARN_ABOUT_RETURN_TYPE = YES_ERROR;
				GCC_WARN_UNDECLARED_SELECTOR = YES;
				GCC_WARN_UNINITIALIZED_AUTOS = YES_AGGRESSIVE;
				GCC_WARN_UNUSED_FUNCTION = YES;
				GCC_WARN_UNUSED_VARIABLE = YES;
				IPHONEOS_DEPLOYMENT_TARGET = 8.3;
				MTL_ENABLE_DEBUG_INFO = YES;
				ONLY_ACTIVE_ARCH = YES;
				SDKROOT = iphoneos;
				TARGETED_DEVICE_FAMILY = "1,2";
			};
			name = Debug;
		};
		7DBBDAFB1AF0BB7F0053E92A /* Release */ = {
			isa = XCBuildConfiguration;
			buildSettings = {
				ALWAYS_SEARCH_USER_PATHS = NO;
				CLANG_CXX_LANGUAGE_STANDARD = "gnu++0x";
				CLANG_CXX_LIBRARY = "libc++";
				CLANG_ENABLE_MODULES = YES;
				CLANG_ENABLE_OBJC_ARC = YES;
				CLANG_WARN_BOOL_CONVERSION = YES;
				CLANG_WARN_CONSTANT_CONVERSION = YES;
				CLANG_WARN_DIRECT_OBJC_ISA_USAGE = YES_ERROR;
				CLANG_WARN_EMPTY_BODY = YES;
				CLANG_WARN_ENUM_CONVERSION = YES;
				CLANG_WARN_INT_CONVERSION = YES;
				CLANG_WARN_OBJC_ROOT_CLASS = YES_ERROR;
				CLANG_WARN_UNREACHABLE_CODE = YES;
				CLANG_WARN__DUPLICATE_METHOD_MATCH = YES;
				"CODE_SIGN_IDENTITY[sdk=iphoneos*]" = "iPhone Developer";
				COPY_PHASE_STRIP = NO;
				DEBUG_INFORMATION_FORMAT = "dwarf-with-dsym";
				ENABLE_NS_ASSERTIONS = NO;
				ENABLE_STRICT_OBJC_MSGSEND = YES;
				GCC_C_LANGUAGE_STANDARD = gnu99;
				GCC_NO_COMMON_BLOCKS = YES;
				GCC_WARN_64_TO_32_BIT_CONVERSION = YES;
				GCC_WARN_ABOUT_RETURN_TYPE = YES_ERROR;
				GCC_WARN_UNDECLARED_SELECTOR = YES;
				GCC_WARN_UNINITIALIZED_AUTOS = YES_AGGRESSIVE;
				GCC_WARN_UNUSED_FUNCTION = YES;
				GCC_WARN_UNUSED_VARIABLE = YES;
				IPHONEOS_DEPLOYMENT_TARGET = 8.3;
				MTL_ENABLE_DEBUG_INFO = NO;
				SDKROOT = iphoneos;
				TARGETED_DEVICE_FAMILY = "1,2";
				VALIDATE_PRODUCT = YES;
			};
			name = Release;
		};
		7DBBDAFD1AF0BB7F0053E92A /* Debug */ = {
			isa = XCBuildConfiguration;
			buildSettings = {
				ASSETCATALOG_COMPILER_APPICON_NAME = AppIcon;
				INFOPLIST_FILE = GridView/Info.plist;
				LD_RUNPATH_SEARCH_PATHS = "$(inherited) @executable_path/Frameworks";
				PRODUCT_NAME = "$(TARGET_NAME)";
			};
			name = Debug;
		};
		7DBBDAFE1AF0BB7F0053E92A /* Release */ = {
			isa = XCBuildConfiguration;
			buildSettings = {
				ASSETCATALOG_COMPILER_APPICON_NAME = AppIcon;
				INFOPLIST_FILE = GridView/Info.plist;
				LD_RUNPATH_SEARCH_PATHS = "$(inherited) @executable_path/Frameworks";
				PRODUCT_NAME = "$(TARGET_NAME)";
			};
			name = Release;
		};
		7DBBDB001AF0BB7F0053E92A /* Debug */ = {
			isa = XCBuildConfiguration;
			buildSettings = {
				BUNDLE_LOADER = "$(TEST_HOST)";
				FRAMEWORK_SEARCH_PATHS = (
					"$(SDKROOT)/Developer/Library/Frameworks",
					"$(inherited)",
				);
				GCC_PREPROCESSOR_DEFINITIONS = (
					"DEBUG=1",
					"$(inherited)",
				);
				INFOPLIST_FILE = GridViewTests/Info.plist;
				LD_RUNPATH_SEARCH_PATHS = "$(inherited) @executable_path/Frameworks @loader_path/Frameworks";
				PRODUCT_NAME = "$(TARGET_NAME)";
				TEST_HOST = "$(BUILT_PRODUCTS_DIR)/GridView.app/GridView";
			};
			name = Debug;
		};
		7DBBDB011AF0BB7F0053E92A /* Release */ = {
			isa = XCBuildConfiguration;
			buildSettings = {
				BUNDLE_LOADER = "$(TEST_HOST)";
				FRAMEWORK_SEARCH_PATHS = (
					"$(SDKROOT)/Developer/Library/Frameworks",
					"$(inherited)",
				);
				INFOPLIST_FILE = GridViewTests/Info.plist;
				LD_RUNPATH_SEARCH_PATHS = "$(inherited) @executable_path/Frameworks @loader_path/Frameworks";
				PRODUCT_NAME = "$(TARGET_NAME)";
				TEST_HOST = "$(BUILT_PRODUCTS_DIR)/GridView.app/GridView";
			};
			name = Release;
		};
/* End XCBuildConfiguration section */

/* Begin XCConfigurationList section */
		7DBBDAD41AF0BB7F0053E92A /* Build configuration list for PBXProject "GridView" */ = {
			isa = XCConfigurationList;
			buildConfigurations = (
				7DBBDAFA1AF0BB7F0053E92A /* Debug */,
				7DBBDAFB1AF0BB7F0053E92A /* Release */,
			);
			defaultConfigurationIsVisible = 0;
			defaultConfigurationName = Release;
		};
		7DBBDAFC1AF0BB7F0053E92A /* Build configuration list for PBXNativeTarget "GridView" */ = {
			isa = XCConfigurationList;
			buildConfigurations = (
				7DBBDAFD1AF0BB7F0053E92A /* Debug */,
				7DBBDAFE1AF0BB7F0053E92A /* Release */,
			);
			defaultConfigurationIsVisible = 0;
		};
		7DBBDAFF1AF0BB7F0053E92A /* Build configuration list for PBXNativeTarget "GridViewTests" */ = {
			isa = XCConfigurationList;
			buildConfigurations = (
				7DBBDB001AF0BB7F0053E92A /* Debug */,
				7DBBDB011AF0BB7F0053E92A /* Release */,
			);
			defaultConfigurationIsVisible = 0;
		};
/* End XCConfigurationList section */
	};
	rootObject = 7DBBDAD11AF0BB7F0053E92A /* Project object */;
}
